
Microsoft Visual Studio Solution File, Format Version 12.00
# Visual Studio Version 17
VisualStudioVersion = 17.14.36221.1
MinimumVisualStudioVersion = 10.0.40219.1
Project("{FAE04EC0-301F-11D3-BF4B-00C04F79EFBC}") = "ConsoleApp.OutputDemo", "ConsoleApp.OutputDemo\ConsoleApp.OutputDemo.csproj", "{1A3913E7-4A50-46A0-A1CE-F20434C97B48}"
EndProject
Project("{FAE04EC0-301F-11D3-BF4B-00C04F79EFBC}") = "ConsoleApp.VairlablesDemo", "ConsoleApp.VairlablesDemo\ConsoleApp.VairlablesDemo.csproj", "{04BE2E36-4457-40D5-94DF-053B8C1BC02E}"
EndProject
Project("{FAE04EC0-301F-11D3-BF4B-00C04F79EFBC}") = "ConsoleApp.UserInputDemo", "ConsoleApp.UserInputDemo\ConsoleApp.UserInputDemo.csproj", "{1CA9A860-EAAE-4ACB-8CBC-CFF12D45BFCD}"
EndProject
Project("{FAE04EC0-301F-11D3-BF4B-00C04F79EFBC}") = "ConsoleApp.Operators", "ConsoleApp.Operators\ConsoleApp.Operators.csproj", "{5F1CA09A-080D-4889-A23F-7F600E0BCB3F}"
EndProject
Project("{FAE04EC0-301F-11D3-BF4B-00C04F79EFBC}") = "ConsoleApp.ConditionsAndDecisions", "ConsoleApp.ConditionsAndDecisions\ConsoleApp.ConditionsAndDecisions.csproj", "{E0206948-E156-4C98-BC31-A469B1707EF5}"
EndProject
Global
	GlobalSection(SolutionConfigurationPlatforms) = preSolution
		Debug|Any CPU = Debug|Any CPU
		Release|Any CPU = Release|Any CPU
	EndGlobalSection
	GlobalSection(ProjectConfigurationPlatforms) = postSolution
		{1A3913E7-4A50-46A0-A1CE-F20434C97B48}.Debug|Any CPU.ActiveCfg = Debug|Any CPU
		{1A3913E7-4A50-46A0-A1CE-F20434C97B48}.Debug|Any CPU.Build.0 = Debug|Any CPU
		{1A3913E7-4A50-46A0-A1CE-F20434C97B48}.Release|Any CPU.ActiveCfg = Release|Any CPU
		{1A3913E7-4A50-46A0-A1CE-F20434C97B48}.Release|Any CPU.Build.0 = Release|Any CPU
		{04BE2E36-4457-40D5-94DF-053B8C1BC02E}.Debug|Any CPU.ActiveCfg = Debug|Any CPU
		{04BE2E36-4457-40D5-94DF-053B8C1BC02E}.Debug|Any CPU.Build.0 = Debug|Any CPU
		{04BE2E36-4457-40D5-94DF-053B8C1BC02E}.Release|Any CPU.ActiveCfg = Release|Any CPU
		{04BE2E36-4457-40D5-94DF-053B8C1BC02E}.Release|Any CPU.Build.0 = Release|Any CPU
		{1CA9A860-EAAE-4ACB-8CBC-CFF12D45BFCD}.Debug|Any CPU.ActiveCfg = Debug|Any CPU
		{1CA9A860-EAAE-4ACB-8CBC-CFF12D45BFCD}.Debug|Any CPU.Build.0 = Debug|Any CPU
		{1CA9A860-EAAE-4ACB-8CBC-CFF12D45BFCD}.Release|Any CPU.ActiveCfg = Release|Any CPU
		{1CA9A860-EAAE-4ACB-8CBC-CFF12D45BFCD}.Release|Any CPU.Build.0 = Release|Any CPU
		{5F1CA09A-080D-4889-A23F-7F600E0BCB3F}.Debug|Any CPU.ActiveCfg = Debug|Any CPU
		{5F1CA09A-080D-4889-A23F-7F600E0BCB3F}.Debug|Any CPU.Build.0 = Debug|Any CPU
		{5F1CA09A-080D-4889-A23F-7F600E0BCB3F}.Release|Any CPU.ActiveCfg = Release|Any CPU
		{5F1CA09A-080D-4889-A23F-7F600E0BCB3F}.Release|Any CPU.Build.0 = Release|Any CPU
		{E0206948-E156-4C98-BC31-A469B1707EF5}.Debug|Any CPU.ActiveCfg = Debug|Any CPU
		{E0206948-E156-4C98-BC31-A469B1707EF5}.Debug|Any CPU.Build.0 = Debug|Any CPU
		{E0206948-E156-4C98-BC31-A469B1707EF5}.Release|Any CPU.ActiveCfg = Release|Any CPU
		{E0206948-E156-4C98-BC31-A469B1707EF5}.Release|Any CPU.Build.0 = Release|Any CPU
	EndGlobalSection
	GlobalSection(SolutionProperties) = preSolution
		HideSolutionNode = FALSE
	EndGlobalSection
	GlobalSection(ExtensibilityGlobals) = postSolution
		SolutionGuid = {DCF64000-E365-4DF2-8184-AC210485B4BD}
	EndGlobalSection
EndGlobal
